{
  "version": 4,
  "terraform_version": "1.4.2",
  "serial": 52,
  "lineage": "b8891fdb-03c2-10bd-733e-d135ed3cb617",
  "outputs": {},
  "resources": [
    {
      "mode": "managed",
      "type": "google_api_gateway_api",
      "name": "api_gateway",
      "provider": "provider[\"registry.terraform.io/hashicorp/google-beta\"]",
      "instances": [
        {
          "schema_version": 0,
          "attributes": {
            "api_id": "api-erp",
            "create_time": "2023-03-19T11:40:38.973911928Z",
            "display_name": "api-erp",
            "id": "projects/sandbox-381015/locations/global/apis/api-erp",
            "labels": {},
            "managed_service": "api-erp-3o5hlsskpog1i.apigateway.sandbox-381015.cloud.goog",
            "name": "projects/sandbox-381015/locations/global/apis/api-erp",
            "project": "sandbox-381015",
            "timeouts": null
          },
          "sensitive_attributes": [],
          "private": "eyJlMmJmYjczMC1lY2FhLTExZTYtOGY4OC0zNDM2M2JjN2M0YzAiOnsiY3JlYXRlIjoxMjAwMDAwMDAwMDAwLCJkZWxldGUiOjEyMDAwMDAwMDAwMDAsInVwZGF0ZSI6MTIwMDAwMDAwMDAwMH19"
        }
      ]
    },
    {
      "mode": "managed",
      "type": "google_api_gateway_gateway",
      "name": "api_gateway_gateway",
      "provider": "provider[\"registry.terraform.io/hashicorp/google-beta\"]",
      "instances": []
    },
    {
      "mode": "managed",
      "type": "google_artifact_registry_repository",
      "name": "api_repository",
      "provider": "provider[\"registry.terraform.io/hashicorp/google\"]",
      "instances": [
        {
          "schema_version": 0,
          "attributes": {
            "create_time": "2023-03-19T11:39:24.613228Z",
            "description": "Artifact Repository for ERP api",
            "format": "DOCKER",
            "id": "projects/sandbox-381015/locations/europe-west9/repositories/artifact-erp",
            "kms_key_name": "",
            "labels": {},
            "location": "europe-west9",
            "maven_config": [],
            "name": "artifact-erp",
            "project": "sandbox-381015",
            "repository_id": "artifact-erp",
            "timeouts": null,
            "update_time": "2023-03-19T11:39:24.613228Z"
          },
          "sensitive_attributes": [],
          "private": "eyJlMmJmYjczMC1lY2FhLTExZTYtOGY4OC0zNDM2M2JjN2M0YzAiOnsiY3JlYXRlIjoxMjAwMDAwMDAwMDAwLCJkZWxldGUiOjEyMDAwMDAwMDAwMDAsInVwZGF0ZSI6MTIwMDAwMDAwMDAwMH19"
        }
      ]
    },
    {
      "mode": "managed",
      "type": "google_artifact_registry_repository_iam_binding",
      "name": "api_repository_writer",
      "provider": "provider[\"registry.terraform.io/hashicorp/google\"]",
      "instances": [
        {
          "schema_version": 0,
          "attributes": {
            "condition": [],
            "etag": "BwX3P0MzoIA=",
            "id": "projects/sandbox-381015/locations/europe-west9/repositories/artifact-erp/roles/artifactregistry.writer",
            "location": "europe-west9",
            "members": [
              "serviceAccount:gateway-sa@sandbox-381015.iam.gserviceaccount.com"
            ],
            "project": "sandbox-381015",
            "repository": "projects/sandbox-381015/locations/europe-west9/repositories/artifact-erp",
            "role": "roles/artifactregistry.writer"
          },
          "sensitive_attributes": [],
          "private": "bnVsbA==",
          "dependencies": [
            "google_artifact_registry_repository.api_repository",
            "google_service_account.api_gateway_service_account"
          ]
        }
      ]
    },
    {
      "mode": "managed",
      "type": "google_project_iam_binding",
      "name": "run_developer",
      "provider": "provider[\"registry.terraform.io/hashicorp/google\"]",
      "instances": [
        {
          "schema_version": 0,
          "attributes": {
            "condition": [],
            "etag": "BwX3P0KeXEQ=",
            "id": "sandbox-381015/roles/run.developer",
            "members": [
              "serviceAccount:gateway-sa@sandbox-381015.iam.gserviceaccount.com"
            ],
            "project": "sandbox-381015",
            "role": "roles/run.developer"
          },
          "sensitive_attributes": [],
          "private": "bnVsbA==",
          "dependencies": [
            "google_service_account.api_gateway_service_account"
          ]
        }
      ]
    },
    {
      "mode": "managed",
      "type": "google_project_iam_binding",
      "name": "service_account_user",
      "provider": "provider[\"registry.terraform.io/hashicorp/google\"]",
      "instances": [
        {
          "schema_version": 0,
          "attributes": {
            "condition": [],
            "etag": "BwX3P0KeXEQ=",
            "id": "sandbox-381015/roles/iam.serviceAccountUser",
            "members": [
              "serviceAccount:gateway-sa@sandbox-381015.iam.gserviceaccount.com"
            ],
            "project": "sandbox-381015",
            "role": "roles/iam.serviceAccountUser"
          },
          "sensitive_attributes": [],
          "private": "bnVsbA==",
          "dependencies": [
            "google_service_account.api_gateway_service_account"
          ]
        }
      ]
    },
    {
      "mode": "managed",
      "type": "google_project_service",
      "name": "enable_api_gateway",
      "provider": "provider[\"registry.terraform.io/hashicorp/google\"]",
      "instances": [
        {
          "schema_version": 0,
          "attributes": {
            "disable_dependent_services": null,
            "disable_on_destroy": true,
            "id": "sandbox-381015/apigateway.googleapis.com",
            "project": "sandbox-381015",
            "service": "apigateway.googleapis.com",
            "timeouts": null
          },
          "sensitive_attributes": [],
          "private": "eyJlMmJmYjczMC1lY2FhLTExZTYtOGY4OC0zNDM2M2JjN2M0YzAiOnsiY3JlYXRlIjoxMjAwMDAwMDAwMDAwLCJkZWxldGUiOjEyMDAwMDAwMDAwMDAsInJlYWQiOjYwMDAwMDAwMDAwMCwidXBkYXRlIjoxMjAwMDAwMDAwMDAwfX0="
        }
      ]
    },
    {
      "mode": "managed",
      "type": "google_project_service",
      "name": "enable_apigateway",
      "provider": "provider[\"registry.terraform.io/hashicorp/google\"]",
      "instances": [
        {
          "schema_version": 0,
          "attributes": {
            "disable_dependent_services": null,
            "disable_on_destroy": true,
            "id": "sandbox-381015/apigateway.googleapis.com",
            "project": "sandbox-381015",
            "service": "apigateway.googleapis.com",
            "timeouts": null
          },
          "sensitive_attributes": [],
          "private": "eyJlMmJmYjczMC1lY2FhLTExZTYtOGY4OC0zNDM2M2JjN2M0YzAiOnsiY3JlYXRlIjoxMjAwMDAwMDAwMDAwLCJkZWxldGUiOjEyMDAwMDAwMDAwMDAsInJlYWQiOjYwMDAwMDAwMDAwMCwidXBkYXRlIjoxMjAwMDAwMDAwMDAwfX0="
        }
      ]
    },
    {
      "mode": "managed",
      "type": "google_project_service",
      "name": "enable_artifactregistry",
      "provider": "provider[\"registry.terraform.io/hashicorp/google\"]",
      "instances": [
        {
          "schema_version": 0,
          "attributes": {
            "disable_dependent_services": null,
            "disable_on_destroy": true,
            "id": "sandbox-381015/artifactregistry.googleapis.com",
            "project": "sandbox-381015",
            "service": "artifactregistry.googleapis.com",
            "timeouts": null
          },
          "sensitive_attributes": [],
          "private": "eyJlMmJmYjczMC1lY2FhLTExZTYtOGY4OC0zNDM2M2JjN2M0YzAiOnsiY3JlYXRlIjoxMjAwMDAwMDAwMDAwLCJkZWxldGUiOjEyMDAwMDAwMDAwMDAsInJlYWQiOjYwMDAwMDAwMDAwMCwidXBkYXRlIjoxMjAwMDAwMDAwMDAwfX0="
        }
      ]
    },
    {
      "mode": "managed",
      "type": "google_project_service",
      "name": "enable_iam",
      "provider": "provider[\"registry.terraform.io/hashicorp/google\"]",
      "instances": [
        {
          "schema_version": 0,
          "attributes": {
            "disable_dependent_services": null,
            "disable_on_destroy": true,
            "id": "sandbox-381015/iam.googleapis.com",
            "project": "sandbox-381015",
            "service": "iam.googleapis.com",
            "timeouts": null
          },
          "sensitive_attributes": [],
          "private": "eyJlMmJmYjczMC1lY2FhLTExZTYtOGY4OC0zNDM2M2JjN2M0YzAiOnsiY3JlYXRlIjoxMjAwMDAwMDAwMDAwLCJkZWxldGUiOjEyMDAwMDAwMDAwMDAsInJlYWQiOjYwMDAwMDAwMDAwMCwidXBkYXRlIjoxMjAwMDAwMDAwMDAwfX0="
        }
      ]
    },
    {
      "mode": "managed",
      "type": "google_project_service",
      "name": "enable_service_management",
      "provider": "provider[\"registry.terraform.io/hashicorp/google\"]",
      "instances": [
        {
          "schema_version": 0,
          "attributes": {
            "disable_dependent_services": null,
            "disable_on_destroy": true,
            "id": "sandbox-381015/servicemanagement.googleapis.com",
            "project": "sandbox-381015",
            "service": "servicemanagement.googleapis.com",
            "timeouts": null
          },
          "sensitive_attributes": [],
          "private": "eyJlMmJmYjczMC1lY2FhLTExZTYtOGY4OC0zNDM2M2JjN2M0YzAiOnsiY3JlYXRlIjoxMjAwMDAwMDAwMDAwLCJkZWxldGUiOjEyMDAwMDAwMDAwMDAsInJlYWQiOjYwMDAwMDAwMDAwMCwidXBkYXRlIjoxMjAwMDAwMDAwMDAwfX0="
        }
      ]
    },
    {
      "mode": "managed",
      "type": "google_service_account",
      "name": "api_gateway_service_account",
      "provider": "provider[\"registry.terraform.io/hashicorp/google\"]",
      "instances": [
        {
          "schema_version": 0,
          "attributes": {
            "account_id": "gateway-sa",
            "description": "",
            "disabled": false,
            "display_name": "Gateway Service Account",
            "email": "gateway-sa@sandbox-381015.iam.gserviceaccount.com",
            "id": "projects/sandbox-381015/serviceAccounts/gateway-sa@sandbox-381015.iam.gserviceaccount.com",
            "member": "serviceAccount:gateway-sa@sandbox-381015.iam.gserviceaccount.com",
            "name": "projects/sandbox-381015/serviceAccounts/gateway-sa@sandbox-381015.iam.gserviceaccount.com",
            "project": "sandbox-381015",
            "timeouts": null,
            "unique_id": "117566080592119859769"
          },
          "sensitive_attributes": [],
          "private": "eyJlMmJmYjczMC1lY2FhLTExZTYtOGY4OC0zNDM2M2JjN2M0YzAiOnsiY3JlYXRlIjozMDAwMDAwMDAwMDB9fQ=="
        }
      ]
    },
    {
      "mode": "managed",
      "type": "google_service_account",
      "name": "github_action_sa",
      "provider": "provider[\"registry.terraform.io/hashicorp/google\"]",
      "instances": [
        {
          "schema_version": 0,
          "attributes": {
            "account_id": "github-sa",
            "description": "",
            "disabled": false,
            "display_name": "GitHub Actions Service Account",
            "email": "github-sa@sandbox-381015.iam.gserviceaccount.com",
            "id": "projects/sandbox-381015/serviceAccounts/github-sa@sandbox-381015.iam.gserviceaccount.com",
            "member": "serviceAccount:github-sa@sandbox-381015.iam.gserviceaccount.com",
            "name": "projects/sandbox-381015/serviceAccounts/github-sa@sandbox-381015.iam.gserviceaccount.com",
            "project": "sandbox-381015",
            "timeouts": null,
            "unique_id": "108021174062118276021"
          },
          "sensitive_attributes": [],
          "private": "eyJlMmJmYjczMC1lY2FhLTExZTYtOGY4OC0zNDM2M2JjN2M0YzAiOnsiY3JlYXRlIjozMDAwMDAwMDAwMDB9fQ=="
        }
      ]
    },
    {
      "mode": "managed",
      "type": "google_service_account_iam_binding",
      "name": "api_gateway_service_account_iam_binding",
      "provider": "provider[\"registry.terraform.io/hashicorp/google\"]",
      "instances": [
        {
          "schema_version": 0,
          "attributes": {
            "condition": [],
            "etag": "BwX3Pz88rik=",
            "id": "projects/sandbox-381015/serviceAccounts/gateway-sa@sandbox-381015.iam.gserviceaccount.com/roles/iam.serviceAccountUser",
            "members": [
              "user:aimeric.sorin@gmail.com"
            ],
            "role": "roles/iam.serviceAccountUser",
            "service_account_id": "projects/sandbox-381015/serviceAccounts/gateway-sa@sandbox-381015.iam.gserviceaccount.com"
          },
          "sensitive_attributes": [],
          "private": "bnVsbA==",
          "dependencies": [
            "google_service_account.api_gateway_service_account"
          ]
        }
      ]
    }
  ],
  "check_results": null
}
